// !$*UTF8*$!
{
	archiveVersion = 1;
	classes = {
	};
	objectVersion = 46;
	objects = {

/* Begin PBXBuildFile section */
		1D3623260D0F684500981E51 /* AppDelegate.m in Sources */ = {isa = PBXBuildFile; fileRef = 1D3623250D0F684500981E51 /* AppDelegate.m */; };
		1D60589B0D05DD56006BFB54 /* main.m in Sources */ = {isa = PBXBuildFile; fileRef = 29B97316FDCFA39411CA2CEA /* main.m */; };
		1D60589F0D05DD5A006BFB54 /* Foundation.framework in Frameworks */ = {isa = PBXBuildFile; fileRef = 1D30AB110D05D00D00671497 /* Foundation.framework */; };
		1DF5F4E00D08C38300B7A737 /* UIKit.framework in Frameworks */ = {isa = PBXBuildFile; fileRef = 1DF5F4DF0D08C38300B7A737 /* UIKit.framework */; };
		288765FD0DF74451002DB57D /* CoreGraphics.framework in Frameworks */ = {isa = PBXBuildFile; fileRef = 288765FC0DF74451002DB57D /* CoreGraphics.framework */; };
		A4E8358315581D6A008E62D0 /* sound.caf in Resources */ = {isa = PBXBuildFile; fileRef = A4E8357215581D6A008E62D0 /* sound.caf */; };
		A4E8358415581D6A008E62D0 /* atlas.png in Resources */ = {isa = PBXBuildFile; fileRef = A4E8357515581D6A008E62D0 /* atlas.png */; };
		A4E8358515581D6A008E62D0 /* atlas.xml in Resources */ = {isa = PBXBuildFile; fileRef = A4E8357615581D6A008E62D0 /* atlas.xml */; };
		A4E8358615581D6A008E62D0 /* background.jpg in Resources */ = {isa = PBXBuildFile; fileRef = A4E8357715581D6A008E62D0 /* background.jpg */; };
		A4E8358715581D6A008E62D0 /* Default-Portrait~ipad.png in Resources */ = {isa = PBXBuildFile; fileRef = A4E8357815581D6A008E62D0 /* Default-Portrait~ipad.png */; };
		A4E8358815581D6A008E62D0 /* Default.png in Resources */ = {isa = PBXBuildFile; fileRef = A4E8357915581D6A008E62D0 /* Default.png */; };
		A4E8358915581D6A008E62D0 /* Icon.png in Resources */ = {isa = PBXBuildFile; fileRef = A4E8357A15581D6A008E62D0 /* Icon.png */; };
		A4E8358A15581D6A008E62D0 /* Icon~ipad.png in Resources */ = {isa = PBXBuildFile; fileRef = A4E8357B15581D6A008E62D0 /* Icon~ipad.png */; };
		A4E8358B15581D6A008E62D0 /* atlas@2x.png in Resources */ = {isa = PBXBuildFile; fileRef = A4E8357D15581D6A008E62D0 /* atlas@2x.png */; };
		A4E8358C15581D6A008E62D0 /* atlas@2x.xml in Resources */ = {isa = PBXBuildFile; fileRef = A4E8357E15581D6A008E62D0 /* atlas@2x.xml */; };
		A4E8358D15581D6A008E62D0 /* background@2x.jpg in Resources */ = {isa = PBXBuildFile; fileRef = A4E8357F15581D6A008E62D0 /* background@2x.jpg */; };
		A4E8358E15581D6A008E62D0 /* background@2x~ipad.jpg in Resources */ = {isa = PBXBuildFile; fileRef = A4E8358015581D6A008E62D0 /* background@2x~ipad.jpg */; };
		A4E8358F15581D6A008E62D0 /* Default@2x.png in Resources */ = {isa = PBXBuildFile; fileRef = A4E8358115581D6A008E62D0 /* Default@2x.png */; };
		A4E8359015581D6A008E62D0 /* Icon@2x.png in Resources */ = {isa = PBXBuildFile; fileRef = A4E8358215581D6A008E62D0 /* Icon@2x.png */; };
		A4E835F015581E68008E62D0 /* SPALSound.m in Sources */ = {isa = PBXBuildFile; fileRef = A4E8359315581E68008E62D0 /* SPALSound.m */; };
		A4E835F115581E68008E62D0 /* SPALSoundChannel.m in Sources */ = {isa = PBXBuildFile; fileRef = A4E8359515581E68008E62D0 /* SPALSoundChannel.m */; };
		A4E835F215581E68008E62D0 /* SPAudioEngine.m in Sources */ = {isa = PBXBuildFile; fileRef = A4E8359915581E68008E62D0 /* SPAudioEngine.m */; };
		A4E835F315581E68008E62D0 /* SPAVSound.m in Sources */ = {isa = PBXBuildFile; fileRef = A4E8359B15581E68008E62D0 /* SPAVSound.m */; };
		A4E835F415581E68008E62D0 /* SPAVSoundChannel.m in Sources */ = {isa = PBXBuildFile; fileRef = A4E8359D15581E68008E62D0 /* SPAVSoundChannel.m */; };
		A4E835F515581E68008E62D0 /* SPBitmapChar.m in Sources */ = {isa = PBXBuildFile; fileRef = A4E8359F15581E68008E62D0 /* SPBitmapChar.m */; };
		A4E835F615581E68008E62D0 /* SPBitmapFont.m in Sources */ = {isa = PBXBuildFile; fileRef = A4E835A115581E68008E62D0 /* SPBitmapFont.m */; };
		A4E835F715581E68008E62D0 /* SPButton.m in Sources */ = {isa = PBXBuildFile; fileRef = A4E835A315581E68008E62D0 /* SPButton.m */; };
		A4E835F815581E68008E62D0 /* SPCompiledSprite.m in Sources */ = {isa = PBXBuildFile; fileRef = A4E835A515581E68008E62D0 /* SPCompiledSprite.m */; };
		A4E835F915581E68008E62D0 /* SPDelayedInvocation.m in Sources */ = {isa = PBXBuildFile; fileRef = A4E835A715581E68008E62D0 /* SPDelayedInvocation.m */; };
		A4E835FA15581E68008E62D0 /* SPDisplayObject.m in Sources */ = {isa = PBXBuildFile; fileRef = A4E835AA15581E68008E62D0 /* SPDisplayObject.m */; };
		A4E835FB15581E68008E62D0 /* SPDisplayObjectContainer.m in Sources */ = {isa = PBXBuildFile; fileRef = A4E835AC15581E68008E62D0 /* SPDisplayObjectContainer.m */; };
		A4E835FC15581E68008E62D0 /* SPEnterFrameEvent.m in Sources */ = {isa = PBXBuildFile; fileRef = A4E835AE15581E68008E62D0 /* SPEnterFrameEvent.m */; };
		A4E835FD15581E68008E62D0 /* SPEvent.m in Sources */ = {isa = PBXBuildFile; fileRef = A4E835B115581E68008E62D0 /* SPEvent.m */; };
		A4E835FE15581E68008E62D0 /* SPEventDispatcher.m in Sources */ = {isa = PBXBuildFile; fileRef = A4E835B315581E68008E62D0 /* SPEventDispatcher.m */; };
		A4E835FF15581E68008E62D0 /* SPGLTexture.m in Sources */ = {isa = PBXBuildFile; fileRef = A4E835B515581E68008E62D0 /* SPGLTexture.m */; };
		A4E8360015581E68008E62D0 /* SPImage.m in Sources */ = {isa = PBXBuildFile; fileRef = A4E835B715581E68008E62D0 /* SPImage.m */; };
		A4E8360115581E68008E62D0 /* SPJuggler.m in Sources */ = {isa = PBXBuildFile; fileRef = A4E835B915581E68008E62D0 /* SPJuggler.m */; };
		A4E8360215581E68008E62D0 /* SPMatrix.m in Sources */ = {isa = PBXBuildFile; fileRef = A4E835BC15581E68008E62D0 /* SPMatrix.m */; };
		A4E8360315581E68008E62D0 /* SPMovieClip.m in Sources */ = {isa = PBXBuildFile; fileRef = A4E835BE15581E68008E62D0 /* SPMovieClip.m */; };
		A4E8360415581E68008E62D0 /* SPNSExtensions.m in Sources */ = {isa = PBXBuildFile; fileRef = A4E835C015581E68008E62D0 /* SPNSExtensions.m */; };
		A4E8360515581E68008E62D0 /* SPPoint.m in Sources */ = {isa = PBXBuildFile; fileRef = A4E835C215581E68008E62D0 /* SPPoint.m */; };
		A4E8360615581E68008E62D0 /* SPPoolObject.m in Sources */ = {isa = PBXBuildFile; fileRef = A4E835C415581E68008E62D0 /* SPPoolObject.m */; };
		A4E8360715581E68008E62D0 /* SPQuad.m in Sources */ = {isa = PBXBuildFile; fileRef = A4E835C615581E68008E62D0 /* SPQuad.m */; };
		A4E8360815581E68008E62D0 /* SPRectangle.m in Sources */ = {isa = PBXBuildFile; fileRef = A4E835C815581E68008E62D0 /* SPRectangle.m */; };
		A4E8360915581E68008E62D0 /* SPRendering.m in Sources */ = {isa = PBXBuildFile; fileRef = A4E835C915581E68008E62D0 /* SPRendering.m */; };
		A4E8360A15581E68008E62D0 /* SPRenderSupport.m in Sources */ = {isa = PBXBuildFile; fileRef = A4E835CB15581E68008E62D0 /* SPRenderSupport.m */; };
		A4E8360B15581E68008E62D0 /* SPRenderTexture.m in Sources */ = {isa = PBXBuildFile; fileRef = A4E835CD15581E68008E62D0 /* SPRenderTexture.m */; };
		A4E8360C15581E68008E62D0 /* SPSound.m in Sources */ = {isa = PBXBuildFile; fileRef = A4E835CF15581E68008E62D0 /* SPSound.m */; };
		A4E8360D15581E68008E62D0 /* SPSoundChannel.m in Sources */ = {isa = PBXBuildFile; fileRef = A4E835D115581E68008E62D0 /* SPSoundChannel.m */; };
		A4E8360E15581E68008E62D0 /* SPSprite.m in Sources */ = {isa = PBXBuildFile; fileRef = A4E835D315581E68008E62D0 /* SPSprite.m */; };
		A4E8360F15581E68008E62D0 /* SPStage.m in Sources */ = {isa = PBXBuildFile; fileRef = A4E835D615581E68008E62D0 /* SPStage.m */; };
		A4E8361015581E68008E62D0 /* SPSubTexture.m in Sources */ = {isa = PBXBuildFile; fileRef = A4E835D815581E68008E62D0 /* SPSubTexture.m */; };
		A4E8361115581E68008E62D0 /* SPTextField.m in Sources */ = {isa = PBXBuildFile; fileRef = A4E835DA15581E68008E62D0 /* SPTextField.m */; };
		A4E8361215581E68008E62D0 /* SPTexture.m in Sources */ = {isa = PBXBuildFile; fileRef = A4E835DC15581E68008E62D0 /* SPTexture.m */; };
		A4E8361315581E68008E62D0 /* SPTextureAtlas.m in Sources */ = {isa = PBXBuildFile; fileRef = A4E835DE15581E68008E62D0 /* SPTextureAtlas.m */; };
		A4E8361415581E68008E62D0 /* SPTouch.m in Sources */ = {isa = PBXBuildFile; fileRef = A4E835E115581E68008E62D0 /* SPTouch.m */; };
		A4E8361515581E68008E62D0 /* SPTouchEvent.m in Sources */ = {isa = PBXBuildFile; fileRef = A4E835E315581E68008E62D0 /* SPTouchEvent.m */; };
		A4E8361615581E68008E62D0 /* SPTouchProcessor.m in Sources */ = {isa = PBXBuildFile; fileRef = A4E835E515581E68008E62D0 /* SPTouchProcessor.m */; };
		A4E8361715581E68008E62D0 /* SPTransitions.m in Sources */ = {isa = PBXBuildFile; fileRef = A4E835E715581E68008E62D0 /* SPTransitions.m */; };
		A4E8361815581E68008E62D0 /* SPTween.m in Sources */ = {isa = PBXBuildFile; fileRef = A4E835E915581E68008E62D0 /* SPTween.m */; };
		A4E8361915581E68008E62D0 /* SPTweenedProperty.m in Sources */ = {isa = PBXBuildFile; fileRef = A4E835EB15581E68008E62D0 /* SPTweenedProperty.m */; };
		A4E8361A15581E68008E62D0 /* SPUtils.m in Sources */ = {isa = PBXBuildFile; fileRef = A4E835ED15581E68008E62D0 /* SPUtils.m */; };
		A4E8361B15581E68008E62D0 /* SPView.m in Sources */ = {isa = PBXBuildFile; fileRef = A4E835EF15581E68008E62D0 /* SPView.m */; };
		DE1FBDFD14F831A300E86642 /* SPResizeEvent.m in Sources */ = {isa = PBXBuildFile; fileRef = DE1FBDFC14F831A300E86642 /* SPResizeEvent.m */; };
		DE3F093811B7B9DC009D4DB0 /* AVFoundation.framework in Frameworks */ = {isa = PBXBuildFile; fileRef = DE3F093711B7B9DC009D4DB0 /* AVFoundation.framework */; };
		DE3F093A11B7B9DC009D4DB0 /* AudioToolbox.framework in Frameworks */ = {isa = PBXBuildFile; fileRef = DE3F093911B7B9DC009D4DB0 /* AudioToolbox.framework */; };
		DE3F097811B7BABD009D4DB0 /* OpenAL.framework in Frameworks */ = {isa = PBXBuildFile; fileRef = DE3F097711B7BABD009D4DB0 /* OpenAL.framework */; };
		DE4A3D7A10FFB08200FDA492 /* OpenGLES.framework in Frameworks */ = {isa = PBXBuildFile; fileRef = DE4A3D7910FFB08200FDA492 /* OpenGLES.framework */; };
		DE4A3D7F10FFB08B00FDA492 /* QuartzCore.framework in Frameworks */ = {isa = PBXBuildFile; fileRef = DE4A3D7E10FFB08B00FDA492 /* QuartzCore.framework */; };
		DE4A3DB910FFB0FE00FDA492 /* libSparrow.a in Frameworks */ = {isa = PBXBuildFile; fileRef = DE4A3DB010FFB0DB00FDA492 /* libSparrow.a */; };
		DE4A3DE510FFB2AF00FDA492 /* Game.m in Sources */ = {isa = PBXBuildFile; fileRef = DE4A3DE410FFB2AF00FDA492 /* Game.m */; };
		DE4F80C714E1481C00655D44 /* ViewController.m in Sources */ = {isa = PBXBuildFile; fileRef = DE4F80C614E1481B00655D44 /* ViewController.m */; };
		DE4F80D614E153E600655D44 /* Media.m in Sources */ = {isa = PBXBuildFile; fileRef = DE4F80D514E153E600655D44 /* Media.m */; };
		DE5C4E6E138ED109004892CA /* libz.dylib in Frameworks */ = {isa = PBXBuildFile; fileRef = DE5C4E6D138ED109004892CA /* libz.dylib */; };
		DE88295114ECF12000773036 /* GameController.m in Sources */ = {isa = PBXBuildFile; fileRef = DE88295014ECF11F00773036 /* GameController.m */; };
		DECF454814F2E527006A4287 /* SPOverlayView.m in Sources */ = {isa = PBXBuildFile; fileRef = DECF454714F2E527006A4287 /* SPOverlayView.m */; };
/* End PBXBuildFile section */

/* Begin PBXContainerItemProxy section */
		DE4A3DAF10FFB0DB00FDA492 /* PBXContainerItemProxy */ = {
			isa = PBXContainerItemProxy;
			containerPortal = DE4A3DA210FFB0D400FDA492 /* Sparrow.xcodeproj */;
			proxyType = 2;
			remoteGlobalIDString = DEFE4BC2101B317600E22471;
			remoteInfo = Sparrow;
		};
		DE4A3DB110FFB0DB00FDA492 /* PBXContainerItemProxy */ = {
			isa = PBXContainerItemProxy;
			containerPortal = DE4A3DA210FFB0D400FDA492 /* Sparrow.xcodeproj */;
			proxyType = 2;
			remoteGlobalIDString = DEEA9335101E32A30071DD21;
			remoteInfo = UnitTests;
		};
		DE4A3DB710FFB0F500FDA492 /* PBXContainerItemProxy */ = {
			isa = PBXContainerItemProxy;
			containerPortal = DE4A3DA210FFB0D400FDA492 /* Sparrow.xcodeproj */;
			proxyType = 1;
			remoteGlobalIDString = DEFE4BC1101B317600E22471;
			remoteInfo = Sparrow;
		};
/* End PBXContainerItemProxy section */

/* Begin PBXFileReference section */
		1D30AB110D05D00D00671497 /* Foundation.framework */ = {isa = PBXFileReference; lastKnownFileType = wrapper.framework; name = Foundation.framework; path = System/Library/Frameworks/Foundation.framework; sourceTree = SDKROOT; };
		1D3623240D0F684500981E51 /* AppDelegate.h */ = {isa = PBXFileReference; fileEncoding = 4; lastKnownFileType = sourcecode.c.h; path = AppDelegate.h; sourceTree = "<group>"; };
		1D3623250D0F684500981E51 /* AppDelegate.m */ = {isa = PBXFileReference; fileEncoding = 4; lastKnownFileType = sourcecode.c.objc; path = AppDelegate.m; sourceTree = "<group>"; };
		1D6058910D05DD3D006BFB54 /* AppScaffold.app */ = {isa = PBXFileReference; explicitFileType = wrapper.application; includeInIndex = 0; path = AppScaffold.app; sourceTree = BUILT_PRODUCTS_DIR; };
		1DF5F4DF0D08C38300B7A737 /* UIKit.framework */ = {isa = PBXFileReference; lastKnownFileType = wrapper.framework; name = UIKit.framework; path = System/Library/Frameworks/UIKit.framework; sourceTree = SDKROOT; };
		288765FC0DF74451002DB57D /* CoreGraphics.framework */ = {isa = PBXFileReference; lastKnownFileType = wrapper.framework; name = CoreGraphics.framework; path = System/Library/Frameworks/CoreGraphics.framework; sourceTree = SDKROOT; };
		29B97316FDCFA39411CA2CEA /* main.m */ = {isa = PBXFileReference; fileEncoding = 4; lastKnownFileType = sourcecode.c.objc; path = main.m; sourceTree = "<group>"; };
		32CA4F630368D1EE00C91783 /* App-Prefix.pch */ = {isa = PBXFileReference; fileEncoding = 4; lastKnownFileType = sourcecode.c.h; path = "App-Prefix.pch"; sourceTree = "<group>"; };
		8D1107310486CEB800E47090 /* App-Info.plist */ = {isa = PBXFileReference; fileEncoding = 4; lastKnownFileType = text.plist.xml; path = "App-Info.plist"; plistStructureDefinitionIdentifier = "com.apple.xcode.plist.structure-definition.iphone.info-plist"; sourceTree = "<group>"; };
		A4E8357215581D6A008E62D0 /* sound.caf */ = {isa = PBXFileReference; lastKnownFileType = file; path = sound.caf; sourceTree = "<group>"; };
		A4E8357515581D6A008E62D0 /* atlas.png */ = {isa = PBXFileReference; lastKnownFileType = image.png; path = atlas.png; sourceTree = "<group>"; };
		A4E8357615581D6A008E62D0 /* atlas.xml */ = {isa = PBXFileReference; fileEncoding = 4; lastKnownFileType = text.xml; path = atlas.xml; sourceTree = "<group>"; };
		A4E8357715581D6A008E62D0 /* background.jpg */ = {isa = PBXFileReference; lastKnownFileType = image.jpeg; path = background.jpg; sourceTree = "<group>"; };
		A4E8357815581D6A008E62D0 /* Default-Portrait~ipad.png */ = {isa = PBXFileReference; lastKnownFileType = image.png; path = "Default-Portrait~ipad.png"; sourceTree = "<group>"; };
		A4E8357915581D6A008E62D0 /* Default.png */ = {isa = PBXFileReference; lastKnownFileType = image.png; path = Default.png; sourceTree = "<group>"; };
		A4E8357A15581D6A008E62D0 /* Icon.png */ = {isa = PBXFileReference; lastKnownFileType = image.png; path = Icon.png; sourceTree = "<group>"; };
		A4E8357B15581D6A008E62D0 /* Icon~ipad.png */ = {isa = PBXFileReference; lastKnownFileType = image.png; path = "Icon~ipad.png"; sourceTree = "<group>"; };
		A4E8357D15581D6A008E62D0 /* atlas@2x.png */ = {isa = PBXFileReference; lastKnownFileType = image.png; path = "atlas@2x.png"; sourceTree = "<group>"; };
		A4E8357E15581D6A008E62D0 /* atlas@2x.xml */ = {isa = PBXFileReference; fileEncoding = 4; lastKnownFileType = text.xml; path = "atlas@2x.xml"; sourceTree = "<group>"; };
		A4E8357F15581D6A008E62D0 /* background@2x.jpg */ = {isa = PBXFileReference; lastKnownFileType = image.jpeg; path = "background@2x.jpg"; sourceTree = "<group>"; };
		A4E8358015581D6A008E62D0 /* background@2x~ipad.jpg */ = {isa = PBXFileReference; lastKnownFileType = image.jpeg; path = "background@2x~ipad.jpg"; sourceTree = "<group>"; };
		A4E8358115581D6A008E62D0 /* Default@2x.png */ = {isa = PBXFileReference; lastKnownFileType = image.png; path = "Default@2x.png"; sourceTree = "<group>"; };
		A4E8358215581D6A008E62D0 /* Icon@2x.png */ = {isa = PBXFileReference; lastKnownFileType = image.png; path = "Icon@2x.png"; sourceTree = "<group>"; };
		A4E8359215581E68008E62D0 /* SPALSound.h */ = {isa = PBXFileReference; fileEncoding = 4; lastKnownFileType = sourcecode.c.h; path = SPALSound.h; sourceTree = "<group>"; };
		A4E8359315581E68008E62D0 /* SPALSound.m */ = {isa = PBXFileReference; fileEncoding = 4; lastKnownFileType = sourcecode.c.objc; path = SPALSound.m; sourceTree = "<group>"; };
		A4E8359415581E68008E62D0 /* SPALSoundChannel.h */ = {isa = PBXFileReference; fileEncoding = 4; lastKnownFileType = sourcecode.c.h; path = SPALSoundChannel.h; sourceTree = "<group>"; };
		A4E8359515581E68008E62D0 /* SPALSoundChannel.m */ = {isa = PBXFileReference; fileEncoding = 4; lastKnownFileType = sourcecode.c.objc; path = SPALSoundChannel.m; sourceTree = "<group>"; };
		A4E8359615581E68008E62D0 /* SPAnimatable.h */ = {isa = PBXFileReference; fileEncoding = 4; lastKnownFileType = sourcecode.c.h; path = SPAnimatable.h; sourceTree = "<group>"; };
		A4E8359715581E68008E62D0 /* Sparrow.h */ = {isa = PBXFileReference; fileEncoding = 4; lastKnownFileType = sourcecode.c.h; path = Sparrow.h; sourceTree = "<group>"; };
		A4E8359815581E68008E62D0 /* SPAudioEngine.h */ = {isa = PBXFileReference; fileEncoding = 4; lastKnownFileType = sourcecode.c.h; path = SPAudioEngine.h; sourceTree = "<group>"; };
		A4E8359915581E68008E62D0 /* SPAudioEngine.m */ = {isa = PBXFileReference; fileEncoding = 4; lastKnownFileType = sourcecode.c.objc; path = SPAudioEngine.m; sourceTree = "<group>"; };
		A4E8359A15581E68008E62D0 /* SPAVSound.h */ = {isa = PBXFileReference; fileEncoding = 4; lastKnownFileType = sourcecode.c.h; path = SPAVSound.h; sourceTree = "<group>"; };
		A4E8359B15581E68008E62D0 /* SPAVSound.m */ = {isa = PBXFileReference; fileEncoding = 4; lastKnownFileType = sourcecode.c.objc; path = SPAVSound.m; sourceTree = "<group>"; };
		A4E8359C15581E68008E62D0 /* SPAVSoundChannel.h */ = {isa = PBXFileReference; fileEncoding = 4; lastKnownFileType = sourcecode.c.h; path = SPAVSoundChannel.h; sourceTree = "<group>"; };
		A4E8359D15581E68008E62D0 /* SPAVSoundChannel.m */ = {isa = PBXFileReference; fileEncoding = 4; lastKnownFileType = sourcecode.c.objc; path = SPAVSoundChannel.m; sourceTree = "<group>"; };
		A4E8359E15581E68008E62D0 /* SPBitmapChar.h */ = {isa = PBXFileReference; fileEncoding = 4; lastKnownFileType = sourcecode.c.h; path = SPBitmapChar.h; sourceTree = "<group>"; };
		A4E8359F15581E68008E62D0 /* SPBitmapChar.m */ = {isa = PBXFileReference; fileEncoding = 4; lastKnownFileType = sourcecode.c.objc; path = SPBitmapChar.m; sourceTree = "<group>"; };
		A4E835A015581E68008E62D0 /* SPBitmapFont.h */ = {isa = PBXFileReference; fileEncoding = 4; lastKnownFileType = sourcecode.c.h; path = SPBitmapFont.h; sourceTree = "<group>"; };
		A4E835A115581E68008E62D0 /* SPBitmapFont.m */ = {isa = PBXFileReference; fileEncoding = 4; lastKnownFileType = sourcecode.c.objc; path = SPBitmapFont.m; sourceTree = "<group>"; };
		A4E835A215581E68008E62D0 /* SPButton.h */ = {isa = PBXFileReference; fileEncoding = 4; lastKnownFileType = sourcecode.c.h; path = SPButton.h; sourceTree = "<group>"; };
		A4E835A315581E68008E62D0 /* SPButton.m */ = {isa = PBXFileReference; fileEncoding = 4; lastKnownFileType = sourcecode.c.objc; path = SPButton.m; sourceTree = "<group>"; };
		A4E835A415581E68008E62D0 /* SPCompiledSprite.h */ = {isa = PBXFileReference; fileEncoding = 4; lastKnownFileType = sourcecode.c.h; path = SPCompiledSprite.h; sourceTree = "<group>"; };
		A4E835A515581E68008E62D0 /* SPCompiledSprite.m */ = {isa = PBXFileReference; fileEncoding = 4; lastKnownFileType = sourcecode.c.objc; path = SPCompiledSprite.m; sourceTree = "<group>"; };
		A4E835A615581E68008E62D0 /* SPDelayedInvocation.h */ = {isa = PBXFileReference; fileEncoding = 4; lastKnownFileType = sourcecode.c.h; path = SPDelayedInvocation.h; sourceTree = "<group>"; };
		A4E835A715581E68008E62D0 /* SPDelayedInvocation.m */ = {isa = PBXFileReference; fileEncoding = 4; lastKnownFileType = sourcecode.c.objc; path = SPDelayedInvocation.m; sourceTree = "<group>"; };
		A4E835A815581E68008E62D0 /* SPDisplayObject_Internal.h */ = {isa = PBXFileReference; fileEncoding = 4; lastKnownFileType = sourcecode.c.h; path = SPDisplayObject_Internal.h; sourceTree = "<group>"; };
		A4E835A915581E68008E62D0 /* SPDisplayObject.h */ = {isa = PBXFileReference; fileEncoding = 4; lastKnownFileType = sourcecode.c.h; path = SPDisplayObject.h; sourceTree = "<group>"; };
		A4E835AA15581E68008E62D0 /* SPDisplayObject.m */ = {isa = PBXFileReference; fileEncoding = 4; lastKnownFileType = sourcecode.c.objc; path = SPDisplayObject.m; sourceTree = "<group>"; };
		A4E835AB15581E68008E62D0 /* SPDisplayObjectContainer.h */ = {isa = PBXFileReference; fileEncoding = 4; lastKnownFileType = sourcecode.c.h; path = SPDisplayObjectContainer.h; sourceTree = "<group>"; };
		A4E835AC15581E68008E62D0 /* SPDisplayObjectContainer.m */ = {isa = PBXFileReference; fileEncoding = 4; lastKnownFileType = sourcecode.c.objc; path = SPDisplayObjectContainer.m; sourceTree = "<group>"; };
		A4E835AD15581E68008E62D0 /* SPEnterFrameEvent.h */ = {isa = PBXFileReference; fileEncoding = 4; lastKnownFileType = sourcecode.c.h; path = SPEnterFrameEvent.h; sourceTree = "<group>"; };
		A4E835AE15581E68008E62D0 /* SPEnterFrameEvent.m */ = {isa = PBXFileReference; fileEncoding = 4; lastKnownFileType = sourcecode.c.objc; path = SPEnterFrameEvent.m; sourceTree = "<group>"; };
		A4E835AF15581E68008E62D0 /* SPEvent_Internal.h */ = {isa = PBXFileReference; fileEncoding = 4; lastKnownFileType = sourcecode.c.h; path = SPEvent_Internal.h; sourceTree = "<group>"; };
		A4E835B015581E68008E62D0 /* SPEvent.h */ = {isa = PBXFileReference; fileEncoding = 4; lastKnownFileType = sourcecode.c.h; path = SPEvent.h; sourceTree = "<group>"; };
		A4E835B115581E68008E62D0 /* SPEvent.m */ = {isa = PBXFileReference; fileEncoding = 4; lastKnownFileType = sourcecode.c.objc; path = SPEvent.m; sourceTree = "<group>"; };
		A4E835B215581E68008E62D0 /* SPEventDispatcher.h */ = {isa = PBXFileReference; fileEncoding = 4; lastKnownFileType = sourcecode.c.h; path = SPEventDispatcher.h; sourceTree = "<group>"; };
		A4E835B315581E68008E62D0 /* SPEventDispatcher.m */ = {isa = PBXFileReference; fileEncoding = 4; lastKnownFileType = sourcecode.c.objc; path = SPEventDispatcher.m; sourceTree = "<group>"; };
		A4E835B415581E68008E62D0 /* SPGLTexture.h */ = {isa = PBXFileReference; fileEncoding = 4; lastKnownFileType = sourcecode.c.h; path = SPGLTexture.h; sourceTree = "<group>"; };
		A4E835B515581E68008E62D0 /* SPGLTexture.m */ = {isa = PBXFileReference; fileEncoding = 4; lastKnownFileType = sourcecode.c.objc; path = SPGLTexture.m; sourceTree = "<group>"; };
		A4E835B615581E68008E62D0 /* SPImage.h */ = {isa = PBXFileReference; fileEncoding = 4; lastKnownFileType = sourcecode.c.h; path = SPImage.h; sourceTree = "<group>"; };
		A4E835B715581E68008E62D0 /* SPImage.m */ = {isa = PBXFileReference; fileEncoding = 4; lastKnownFileType = sourcecode.c.objc; path = SPImage.m; sourceTree = "<group>"; };
		A4E835B815581E68008E62D0 /* SPJuggler.h */ = {isa = PBXFileReference; fileEncoding = 4; lastKnownFileType = sourcecode.c.h; path = SPJuggler.h; sourceTree = "<group>"; };
		A4E835B915581E68008E62D0 /* SPJuggler.m */ = {isa = PBXFileReference; fileEncoding = 4; lastKnownFileType = sourcecode.c.objc; path = SPJuggler.m; sourceTree = "<group>"; };
		A4E835BA15581E68008E62D0 /* SPMacros.h */ = {isa = PBXFileReference; fileEncoding = 4; lastKnownFileType = sourcecode.c.h; path = SPMacros.h; sourceTree = "<group>"; };
		A4E835BB15581E68008E62D0 /* SPMatrix.h */ = {isa = PBXFileReference; fileEncoding = 4; lastKnownFileType = sourcecode.c.h; path = SPMatrix.h; sourceTree = "<group>"; };
		A4E835BC15581E68008E62D0 /* SPMatrix.m */ = {isa = PBXFileReference; fileEncoding = 4; lastKnownFileType = sourcecode.c.objc; path = SPMatrix.m; sourceTree = "<group>"; };
		A4E835BD15581E68008E62D0 /* SPMovieClip.h */ = {isa = PBXFileReference; fileEncoding = 4; lastKnownFileType = sourcecode.c.h; path = SPMovieClip.h; sourceTree = "<group>"; };
		A4E835BE15581E68008E62D0 /* SPMovieClip.m */ = {isa = PBXFileReference; fileEncoding = 4; lastKnownFileType = sourcecode.c.objc; path = SPMovieClip.m; sourceTree = "<group>"; };
		A4E835BF15581E68008E62D0 /* SPNSExtensions.h */ = {isa = PBXFileReference; fileEncoding = 4; lastKnownFileType = sourcecode.c.h; path = SPNSExtensions.h; sourceTree = "<group>"; };
		A4E835C015581E68008E62D0 /* SPNSExtensions.m */ = {isa = PBXFileReference; fileEncoding = 4; lastKnownFileType = sourcecode.c.objc; path = SPNSExtensions.m; sourceTree = "<group>"; };
		A4E835C115581E68008E62D0 /* SPPoint.h */ = {isa = PBXFileReference; fileEncoding = 4; lastKnownFileType = sourcecode.c.h; path = SPPoint.h; sourceTree = "<group>"; };
		A4E835C215581E68008E62D0 /* SPPoint.m */ = {isa = PBXFileReference; fileEncoding = 4; lastKnownFileType = sourcecode.c.objc; path = SPPoint.m; sourceTree = "<group>"; };
		A4E835C315581E68008E62D0 /* SPPoolObject.h */ = {isa = PBXFileReference; fileEncoding = 4; lastKnownFileType = sourcecode.c.h; path = SPPoolObject.h; sourceTree = "<group>"; };
		A4E835C415581E68008E62D0 /* SPPoolObject.m */ = {isa = PBXFileReference; fileEncoding = 4; lastKnownFileType = sourcecode.c.objc; path = SPPoolObject.m; sourceTree = "<group>"; };
		A4E835C515581E68008E62D0 /* SPQuad.h */ = {isa = PBXFileReference; fileEncoding = 4; lastKnownFileType = sourcecode.c.h; path = SPQuad.h; sourceTree = "<group>"; };
		A4E835C615581E68008E62D0 /* SPQuad.m */ = {isa = PBXFileReference; fileEncoding = 4; lastKnownFileType = sourcecode.c.objc; path = SPQuad.m; sourceTree = "<group>"; };
		A4E835C715581E68008E62D0 /* SPRectangle.h */ = {isa = PBXFileReference; fileEncoding = 4; lastKnownFileType = sourcecode.c.h; path = SPRectangle.h; sourceTree = "<group>"; };
		A4E835C815581E68008E62D0 /* SPRectangle.m */ = {isa = PBXFileReference; fileEncoding = 4; lastKnownFileType = sourcecode.c.objc; path = SPRectangle.m; sourceTree = "<group>"; };
		A4E835C915581E68008E62D0 /* SPRendering.m */ = {isa = PBXFileReference; fileEncoding = 4; lastKnownFileType = sourcecode.c.objc; path = SPRendering.m; sourceTree = "<group>"; };
		A4E835CA15581E68008E62D0 /* SPRenderSupport.h */ = {isa = PBXFileReference; fileEncoding = 4; lastKnownFileType = sourcecode.c.h; path = SPRenderSupport.h; sourceTree = "<group>"; };
		A4E835CB15581E68008E62D0 /* SPRenderSupport.m */ = {isa = PBXFileReference; fileEncoding = 4; lastKnownFileType = sourcecode.c.objc; path = SPRenderSupport.m; sourceTree = "<group>"; };
		A4E835CC15581E68008E62D0 /* SPRenderTexture.h */ = {isa = PBXFileReference; fileEncoding = 4; lastKnownFileType = sourcecode.c.h; path = SPRenderTexture.h; sourceTree = "<group>"; };
		A4E835CD15581E68008E62D0 /* SPRenderTexture.m */ = {isa = PBXFileReference; fileEncoding = 4; lastKnownFileType = sourcecode.c.objc; path = SPRenderTexture.m; sourceTree = "<group>"; };
		A4E835CE15581E68008E62D0 /* SPSound.h */ = {isa = PBXFileReference; fileEncoding = 4; lastKnownFileType = sourcecode.c.h; path = SPSound.h; sourceTree = "<group>"; };
		A4E835CF15581E68008E62D0 /* SPSound.m */ = {isa = PBXFileReference; fileEncoding = 4; lastKnownFileType = sourcecode.c.objc; path = SPSound.m; sourceTree = "<group>"; };
		A4E835D015581E68008E62D0 /* SPSoundChannel.h */ = {isa = PBXFileReference; fileEncoding = 4; lastKnownFileType = sourcecode.c.h; path = SPSoundChannel.h; sourceTree = "<group>"; };
		A4E835D115581E68008E62D0 /* SPSoundChannel.m */ = {isa = PBXFileReference; fileEncoding = 4; lastKnownFileType = sourcecode.c.objc; path = SPSoundChannel.m; sourceTree = "<group>"; };
		A4E835D215581E68008E62D0 /* SPSprite.h */ = {isa = PBXFileReference; fileEncoding = 4; lastKnownFileType = sourcecode.c.h; path = SPSprite.h; sourceTree = "<group>"; };
		A4E835D315581E68008E62D0 /* SPSprite.m */ = {isa = PBXFileReference; fileEncoding = 4; lastKnownFileType = sourcecode.c.objc; path = SPSprite.m; sourceTree = "<group>"; };
		A4E835D415581E68008E62D0 /* SPStage_Internal.h */ = {isa = PBXFileReference; fileEncoding = 4; lastKnownFileType = sourcecode.c.h; path = SPStage_Internal.h; sourceTree = "<group>"; };
		A4E835D515581E68008E62D0 /* SPStage.h */ = {isa = PBXFileReference; fileEncoding = 4; lastKnownFileType = sourcecode.c.h; path = SPStage.h; sourceTree = "<group>"; };
		A4E835D615581E68008E62D0 /* SPStage.m */ = {isa = PBXFileReference; fileEncoding = 4; lastKnownFileType = sourcecode.c.objc; path = SPStage.m; sourceTree = "<group>"; };
		A4E835D715581E68008E62D0 /* SPSubTexture.h */ = {isa = PBXFileReference; fileEncoding = 4; lastKnownFileType = sourcecode.c.h; path = SPSubTexture.h; sourceTree = "<group>"; };
		A4E835D815581E68008E62D0 /* SPSubTexture.m */ = {isa = PBXFileReference; fileEncoding = 4; lastKnownFileType = sourcecode.c.objc; path = SPSubTexture.m; sourceTree = "<group>"; };
		A4E835D915581E68008E62D0 /* SPTextField.h */ = {isa = PBXFileReference; fileEncoding = 4; lastKnownFileType = sourcecode.c.h; path = SPTextField.h; sourceTree = "<group>"; };
		A4E835DA15581E68008E62D0 /* SPTextField.m */ = {isa = PBXFileReference; fileEncoding = 4; lastKnownFileType = sourcecode.c.objc; path = SPTextField.m; sourceTree = "<group>"; };
		A4E835DB15581E68008E62D0 /* SPTexture.h */ = {isa = PBXFileReference; fileEncoding = 4; lastKnownFileType = sourcecode.c.h; path = SPTexture.h; sourceTree = "<group>"; };
		A4E835DC15581E68008E62D0 /* SPTexture.m */ = {isa = PBXFileReference; fileEncoding = 4; lastKnownFileType = sourcecode.c.objc; path = SPTexture.m; sourceTree = "<group>"; };
		A4E835DD15581E68008E62D0 /* SPTextureAtlas.h */ = {isa = PBXFileReference; fileEncoding = 4; lastKnownFileType = sourcecode.c.h; path = SPTextureAtlas.h; sourceTree = "<group>"; };
		A4E835DE15581E68008E62D0 /* SPTextureAtlas.m */ = {isa = PBXFileReference; fileEncoding = 4; lastKnownFileType = sourcecode.c.objc; path = SPTextureAtlas.m; sourceTree = "<group>"; };
		A4E835DF15581E68008E62D0 /* SPTouch_Internal.h */ = {isa = PBXFileReference; fileEncoding = 4; lastKnownFileType = sourcecode.c.h; path = SPTouch_Internal.h; sourceTree = "<group>"; };
		A4E835E015581E68008E62D0 /* SPTouch.h */ = {isa = PBXFileReference; fileEncoding = 4; lastKnownFileType = sourcecode.c.h; path = SPTouch.h; sourceTree = "<group>"; };
		A4E835E115581E68008E62D0 /* SPTouch.m */ = {isa = PBXFileReference; fileEncoding = 4; lastKnownFileType = sourcecode.c.objc; path = SPTouch.m; sourceTree = "<group>"; };
		A4E835E215581E68008E62D0 /* SPTouchEvent.h */ = {isa = PBXFileReference; fileEncoding = 4; lastKnownFileType = sourcecode.c.h; path = SPTouchEvent.h; sourceTree = "<group>"; };
		A4E835E315581E68008E62D0 /* SPTouchEvent.m */ = {isa = PBXFileReference; fileEncoding = 4; lastKnownFileType = sourcecode.c.objc; path = SPTouchEvent.m; sourceTree = "<group>"; };
		A4E835E415581E68008E62D0 /* SPTouchProcessor.h */ = {isa = PBXFileReference; fileEncoding = 4; lastKnownFileType = sourcecode.c.h; path = SPTouchProcessor.h; sourceTree = "<group>"; };
		A4E835E515581E68008E62D0 /* SPTouchProcessor.m */ = {isa = PBXFileReference; fileEncoding = 4; lastKnownFileType = sourcecode.c.objc; path = SPTouchProcessor.m; sourceTree = "<group>"; };
		A4E835E615581E68008E62D0 /* SPTransitions.h */ = {isa = PBXFileReference; fileEncoding = 4; lastKnownFileType = sourcecode.c.h; path = SPTransitions.h; sourceTree = "<group>"; };
		A4E835E715581E68008E62D0 /* SPTransitions.m */ = {isa = PBXFileReference; fileEncoding = 4; lastKnownFileType = sourcecode.c.objc; path = SPTransitions.m; sourceTree = "<group>"; };
		A4E835E815581E68008E62D0 /* SPTween.h */ = {isa = PBXFileReference; fileEncoding = 4; lastKnownFileType = sourcecode.c.h; path = SPTween.h; sourceTree = "<group>"; };
		A4E835E915581E68008E62D0 /* SPTween.m */ = {isa = PBXFileReference; fileEncoding = 4; lastKnownFileType = sourcecode.c.objc; path = SPTween.m; sourceTree = "<group>"; };
		A4E835EA15581E68008E62D0 /* SPTweenedProperty.h */ = {isa = PBXFileReference; fileEncoding = 4; lastKnownFileType = sourcecode.c.h; path = SPTweenedProperty.h; sourceTree = "<group>"; };
		A4E835EB15581E68008E62D0 /* SPTweenedProperty.m */ = {isa = PBXFileReference; fileEncoding = 4; lastKnownFileType = sourcecode.c.objc; path = SPTweenedProperty.m; sourceTree = "<group>"; };
		A4E835EC15581E68008E62D0 /* SPUtils.h */ = {isa = PBXFileReference; fileEncoding = 4; lastKnownFileType = sourcecode.c.h; path = SPUtils.h; sourceTree = "<group>"; };
		A4E835ED15581E68008E62D0 /* SPUtils.m */ = {isa = PBXFileReference; fileEncoding = 4; lastKnownFileType = sourcecode.c.objc; path = SPUtils.m; sourceTree = "<group>"; };
		A4E835EE15581E68008E62D0 /* SPView.h */ = {isa = PBXFileReference; fileEncoding = 4; lastKnownFileType = sourcecode.c.h; path = SPView.h; sourceTree = "<group>"; };
		A4E835EF15581E68008E62D0 /* SPView.m */ = {isa = PBXFileReference; fileEncoding = 4; lastKnownFileType = sourcecode.c.objc; path = SPView.m; sourceTree = "<group>"; };
		DE1FBDFB14F831A300E86642 /* SPResizeEvent.h */ = {isa = PBXFileReference; fileEncoding = 4; lastKnownFileType = sourcecode.c.h; path = SPResizeEvent.h; sourceTree = "<group>"; };
		DE1FBDFC14F831A300E86642 /* SPResizeEvent.m */ = {isa = PBXFileReference; fileEncoding = 4; lastKnownFileType = sourcecode.c.objc; path = SPResizeEvent.m; sourceTree = "<group>"; };
		DE3F093711B7B9DC009D4DB0 /* AVFoundation.framework */ = {isa = PBXFileReference; lastKnownFileType = wrapper.framework; name = AVFoundation.framework; path = System/Library/Frameworks/AVFoundation.framework; sourceTree = SDKROOT; };
		DE3F093911B7B9DC009D4DB0 /* AudioToolbox.framework */ = {isa = PBXFileReference; lastKnownFileType = wrapper.framework; name = AudioToolbox.framework; path = System/Library/Frameworks/AudioToolbox.framework; sourceTree = SDKROOT; };
		DE3F097711B7BABD009D4DB0 /* OpenAL.framework */ = {isa = PBXFileReference; lastKnownFileType = wrapper.framework; name = OpenAL.framework; path = System/Library/Frameworks/OpenAL.framework; sourceTree = SDKROOT; };
		DE4A3D7910FFB08200FDA492 /* OpenGLES.framework */ = {isa = PBXFileReference; lastKnownFileType = wrapper.framework; name = OpenGLES.framework; path = System/Library/Frameworks/OpenGLES.framework; sourceTree = SDKROOT; };
		DE4A3D7E10FFB08B00FDA492 /* QuartzCore.framework */ = {isa = PBXFileReference; lastKnownFileType = wrapper.framework; name = QuartzCore.framework; path = System/Library/Frameworks/QuartzCore.framework; sourceTree = SDKROOT; };
		DE4A3DA210FFB0D400FDA492 /* Sparrow.xcodeproj */ = {isa = PBXFileReference; lastKnownFileType = "wrapper.pb-project"; path = Sparrow.xcodeproj; sourceTree = SPARROW_SRC; };
		DE4A3DE310FFB2AF00FDA492 /* Game.h */ = {isa = PBXFileReference; fileEncoding = 4; lastKnownFileType = sourcecode.c.h; path = Game.h; sourceTree = "<group>"; };
		DE4A3DE410FFB2AF00FDA492 /* Game.m */ = {isa = PBXFileReference; fileEncoding = 4; lastKnownFileType = sourcecode.c.objc; path = Game.m; sourceTree = "<group>"; };
		DE4F80C514E1481B00655D44 /* ViewController.h */ = {isa = PBXFileReference; fileEncoding = 4; lastKnownFileType = sourcecode.c.h; path = ViewController.h; sourceTree = "<group>"; };
		DE4F80C614E1481B00655D44 /* ViewController.m */ = {isa = PBXFileReference; fileEncoding = 4; lastKnownFileType = sourcecode.c.objc; path = ViewController.m; sourceTree = "<group>"; };
		DE4F80D414E153E600655D44 /* Media.h */ = {isa = PBXFileReference; fileEncoding = 4; lastKnownFileType = sourcecode.c.h; path = Media.h; sourceTree = "<group>"; };
		DE4F80D514E153E600655D44 /* Media.m */ = {isa = PBXFileReference; fileEncoding = 4; lastKnownFileType = sourcecode.c.objc; path = Media.m; sourceTree = "<group>"; };
		DE5C4E6D138ED109004892CA /* libz.dylib */ = {isa = PBXFileReference; lastKnownFileType = "compiled.mach-o.dylib"; name = libz.dylib; path = usr/lib/libz.dylib; sourceTree = SDKROOT; };
		DE88294F14ECF11F00773036 /* GameController.h */ = {isa = PBXFileReference; fileEncoding = 4; lastKnownFileType = sourcecode.c.h; path = GameController.h; sourceTree = "<group>"; };
		DE88295014ECF11F00773036 /* GameController.m */ = {isa = PBXFileReference; fileEncoding = 4; lastKnownFileType = sourcecode.c.objc; path = GameController.m; sourceTree = "<group>"; };
		DECF454614F2E527006A4287 /* SPOverlayView.h */ = {isa = PBXFileReference; fileEncoding = 4; lastKnownFileType = sourcecode.c.h; path = SPOverlayView.h; sourceTree = "<group>"; };
		DECF454714F2E527006A4287 /* SPOverlayView.m */ = {isa = PBXFileReference; fileEncoding = 4; lastKnownFileType = sourcecode.c.objc; path = SPOverlayView.m; sourceTree = "<group>"; };
/* End PBXFileReference section */

/* Begin PBXFrameworksBuildPhase section */
		1D60588F0D05DD3D006BFB54 /* Frameworks */ = {
			isa = PBXFrameworksBuildPhase;
			buildActionMask = 2147483647;
			files = (
				DE4A3DB910FFB0FE00FDA492 /* libSparrow.a in Frameworks */,
				DE5C4E6E138ED109004892CA /* libz.dylib in Frameworks */,
				1D60589F0D05DD5A006BFB54 /* Foundation.framework in Frameworks */,
				1DF5F4E00D08C38300B7A737 /* UIKit.framework in Frameworks */,
				288765FD0DF74451002DB57D /* CoreGraphics.framework in Frameworks */,
				DE4A3D7A10FFB08200FDA492 /* OpenGLES.framework in Frameworks */,
				DE4A3D7F10FFB08B00FDA492 /* QuartzCore.framework in Frameworks */,
				DE3F093811B7B9DC009D4DB0 /* AVFoundation.framework in Frameworks */,
				DE3F093A11B7B9DC009D4DB0 /* AudioToolbox.framework in Frameworks */,
				DE3F097811B7BABD009D4DB0 /* OpenAL.framework in Frameworks */,
			);
			runOnlyForDeploymentPostprocessing = 0;
		};
/* End PBXFrameworksBuildPhase section */

/* Begin PBXGroup section */
		080E96DDFE201D6D7F000001 /* Classes */ = {
			isa = PBXGroup;
			children = (
				A4E834E615581C80008E62D0 /* Libs */,
				DECF454314F2E45A006A4287 /* Support */,
				DE4F80D714E153EA00655D44 /* Game */,
				1D3623240D0F684500981E51 /* AppDelegate.h */,
				1D3623250D0F684500981E51 /* AppDelegate.m */,
				DE4F80C514E1481B00655D44 /* ViewController.h */,
				DE4F80C614E1481B00655D44 /* ViewController.m */,
			);
			path = Classes;
			sourceTree = "<group>";
		};
		19C28FACFE9D520D11CA2CBB /* Products */ = {
			isa = PBXGroup;
			children = (
				1D6058910D05DD3D006BFB54 /* AppScaffold.app */,
			);
			name = Products;
			sourceTree = "<group>";
		};
		29B97314FDCFA39411CA2CEA /* CustomTemplate */ = {
			isa = PBXGroup;
			children = (
				DE4A3DA210FFB0D400FDA492 /* Sparrow.xcodeproj */,
				080E96DDFE201D6D7F000001 /* Classes */,
				29B97315FDCFA39411CA2CEA /* Other Sources */,
				29B97317FDCFA39411CA2CEA /* Resources */,
				29B97323FDCFA39411CA2CEA /* Frameworks */,
				19C28FACFE9D520D11CA2CBB /* Products */,
			);
			name = CustomTemplate;
			sourceTree = "<group>";
		};
		29B97315FDCFA39411CA2CEA /* Other Sources */ = {
			isa = PBXGroup;
			children = (
				32CA4F630368D1EE00C91783 /* App-Prefix.pch */,
				8D1107310486CEB800E47090 /* App-Info.plist */,
				29B97316FDCFA39411CA2CEA /* main.m */,
			);
			name = "Other Sources";
			sourceTree = "<group>";
		};
		29B97317FDCFA39411CA2CEA /* Resources */ = {
			isa = PBXGroup;
			children = (
				A4E8357115581D6A008E62D0 /* audio */,
				A4E8357315581D6A008E62D0 /* graphics */,
			);
			name = Resources;
			sourceTree = "<group>";
		};
		29B97323FDCFA39411CA2CEA /* Frameworks */ = {
			isa = PBXGroup;
			children = (
				DE5C4E6D138ED109004892CA /* libz.dylib */,
				DE3F093711B7B9DC009D4DB0 /* AVFoundation.framework */,
				DE3F093911B7B9DC009D4DB0 /* AudioToolbox.framework */,
				DE3F097711B7BABD009D4DB0 /* OpenAL.framework */,
				DE4A3D7E10FFB08B00FDA492 /* QuartzCore.framework */,
				DE4A3D7910FFB08200FDA492 /* OpenGLES.framework */,
				1DF5F4DF0D08C38300B7A737 /* UIKit.framework */,
				1D30AB110D05D00D00671497 /* Foundation.framework */,
				288765FC0DF74451002DB57D /* CoreGraphics.framework */,
			);
			name = Frameworks;
			sourceTree = "<group>";
		};
		A4E834E615581C80008E62D0 /* Libs */ = {
			isa = PBXGroup;
			children = (
				A4E8359115581E48008E62D0 /* Sparrow13 */,
			);
			name = Libs;
			sourceTree = "<group>";
		};
		A4E8357115581D6A008E62D0 /* audio */ = {
			isa = PBXGroup;
			children = (
				A4E8357215581D6A008E62D0 /* sound.caf */,
			);
			path = audio;
			sourceTree = "<group>";
		};
		A4E8357315581D6A008E62D0 /* graphics */ = {
			isa = PBXGroup;
			children = (
				A4E8357415581D6A008E62D0 /* 1x */,
				A4E8357C15581D6A008E62D0 /* 2x */,
			);
			path = graphics;
			sourceTree = "<group>";
		};
		A4E8357415581D6A008E62D0 /* 1x */ = {
			isa = PBXGroup;
			children = (
				A4E8357515581D6A008E62D0 /* atlas.png */,
				A4E8357615581D6A008E62D0 /* atlas.xml */,
				A4E8357715581D6A008E62D0 /* background.jpg */,
				A4E8357815581D6A008E62D0 /* Default-Portrait~ipad.png */,
				A4E8357915581D6A008E62D0 /* Default.png */,
				A4E8357A15581D6A008E62D0 /* Icon.png */,
				A4E8357B15581D6A008E62D0 /* Icon~ipad.png */,
			);
			path = 1x;
			sourceTree = "<group>";
		};
		A4E8357C15581D6A008E62D0 /* 2x */ = {
			isa = PBXGroup;
			children = (
				A4E8357D15581D6A008E62D0 /* atlas@2x.png */,
				A4E8357E15581D6A008E62D0 /* atlas@2x.xml */,
				A4E8357F15581D6A008E62D0 /* background@2x.jpg */,
				A4E8358015581D6A008E62D0 /* background@2x~ipad.jpg */,
				A4E8358115581D6A008E62D0 /* Default@2x.png */,
				A4E8358215581D6A008E62D0 /* Icon@2x.png */,
			);
			path = 2x;
			sourceTree = "<group>";
		};
		A4E8359115581E48008E62D0 /* Sparrow13 */ = {
			isa = PBXGroup;
			children = (
				A4E8359215581E68008E62D0 /* SPALSound.h */,
				A4E8359315581E68008E62D0 /* SPALSound.m */,
				A4E8359415581E68008E62D0 /* SPALSoundChannel.h */,
				A4E8359515581E68008E62D0 /* SPALSoundChannel.m */,
				A4E8359615581E68008E62D0 /* SPAnimatable.h */,
				A4E8359715581E68008E62D0 /* Sparrow.h */,
				A4E8359815581E68008E62D0 /* SPAudioEngine.h */,
				A4E8359915581E68008E62D0 /* SPAudioEngine.m */,
				A4E8359A15581E68008E62D0 /* SPAVSound.h */,
				A4E8359B15581E68008E62D0 /* SPAVSound.m */,
				A4E8359C15581E68008E62D0 /* SPAVSoundChannel.h */,
				A4E8359D15581E68008E62D0 /* SPAVSoundChannel.m */,
				A4E8359E15581E68008E62D0 /* SPBitmapChar.h */,
				A4E8359F15581E68008E62D0 /* SPBitmapChar.m */,
				A4E835A015581E68008E62D0 /* SPBitmapFont.h */,
				A4E835A115581E68008E62D0 /* SPBitmapFont.m */,
				A4E835A215581E68008E62D0 /* SPButton.h */,
				A4E835A315581E68008E62D0 /* SPButton.m */,
				A4E835A415581E68008E62D0 /* SPCompiledSprite.h */,
				A4E835A515581E68008E62D0 /* SPCompiledSprite.m */,
				A4E835A615581E68008E62D0 /* SPDelayedInvocation.h */,
				A4E835A715581E68008E62D0 /* SPDelayedInvocation.m */,
				A4E835A815581E68008E62D0 /* SPDisplayObject_Internal.h */,
				A4E835A915581E68008E62D0 /* SPDisplayObject.h */,
				A4E835AA15581E68008E62D0 /* SPDisplayObject.m */,
				A4E835AB15581E68008E62D0 /* SPDisplayObjectContainer.h */,
				A4E835AC15581E68008E62D0 /* SPDisplayObjectContainer.m */,
				A4E835AD15581E68008E62D0 /* SPEnterFrameEvent.h */,
				A4E835AE15581E68008E62D0 /* SPEnterFrameEvent.m */,
				A4E835AF15581E68008E62D0 /* SPEvent_Internal.h */,
				A4E835B015581E68008E62D0 /* SPEvent.h */,
				A4E835B115581E68008E62D0 /* SPEvent.m */,
				A4E835B215581E68008E62D0 /* SPEventDispatcher.h */,
				A4E835B315581E68008E62D0 /* SPEventDispatcher.m */,
				A4E835B415581E68008E62D0 /* SPGLTexture.h */,
				A4E835B515581E68008E62D0 /* SPGLTexture.m */,
				A4E835B615581E68008E62D0 /* SPImage.h */,
				A4E835B715581E68008E62D0 /* SPImage.m */,
				A4E835B815581E68008E62D0 /* SPJuggler.h */,
				A4E835B915581E68008E62D0 /* SPJuggler.m */,
				A4E835BA15581E68008E62D0 /* SPMacros.h */,
				A4E835BB15581E68008E62D0 /* SPMatrix.h */,
				A4E835BC15581E68008E62D0 /* SPMatrix.m */,
				A4E835BD15581E68008E62D0 /* SPMovieClip.h */,
				A4E835BE15581E68008E62D0 /* SPMovieClip.m */,
				A4E835BF15581E68008E62D0 /* SPNSExtensions.h */,
				A4E835C015581E68008E62D0 /* SPNSExtensions.m */,
				A4E835C115581E68008E62D0 /* SPPoint.h */,
				A4E835C215581E68008E62D0 /* SPPoint.m */,
				A4E835C315581E68008E62D0 /* SPPoolObject.h */,
				A4E835C415581E68008E62D0 /* SPPoolObject.m */,
				A4E835C515581E68008E62D0 /* SPQuad.h */,
				A4E835C615581E68008E62D0 /* SPQuad.m */,
				A4E835C715581E68008E62D0 /* SPRectangle.h */,
				A4E835C815581E68008E62D0 /* SPRectangle.m */,
				A4E835C915581E68008E62D0 /* SPRendering.m */,
				A4E835CA15581E68008E62D0 /* SPRenderSupport.h */,
				A4E835CB15581E68008E62D0 /* SPRenderSupport.m */,
				A4E835CC15581E68008E62D0 /* SPRenderTexture.h */,
				A4E835CD15581E68008E62D0 /* SPRenderTexture.m */,
				A4E835CE15581E68008E62D0 /* SPSound.h */,
				A4E835CF15581E68008E62D0 /* SPSound.m */,
				A4E835D015581E68008E62D0 /* SPSoundChannel.h */,
				A4E835D115581E68008E62D0 /* SPSoundChannel.m */,
				A4E835D215581E68008E62D0 /* SPSprite.h */,
				A4E835D315581E68008E62D0 /* SPSprite.m */,
				A4E835D415581E68008E62D0 /* SPStage_Internal.h */,
				A4E835D515581E68008E62D0 /* SPStage.h */,
				A4E835D615581E68008E62D0 /* SPStage.m */,
				A4E835D715581E68008E62D0 /* SPSubTexture.h */,
				A4E835D815581E68008E62D0 /* SPSubTexture.m */,
				A4E835D915581E68008E62D0 /* SPTextField.h */,
				A4E835DA15581E68008E62D0 /* SPTextField.m */,
				A4E835DB15581E68008E62D0 /* SPTexture.h */,
				A4E835DC15581E68008E62D0 /* SPTexture.m */,
				A4E835DD15581E68008E62D0 /* SPTextureAtlas.h */,
				A4E835DE15581E68008E62D0 /* SPTextureAtlas.m */,
				A4E835DF15581E68008E62D0 /* SPTouch_Internal.h */,
				A4E835E015581E68008E62D0 /* SPTouch.h */,
				A4E835E115581E68008E62D0 /* SPTouch.m */,
				A4E835E215581E68008E62D0 /* SPTouchEvent.h */,
				A4E835E315581E68008E62D0 /* SPTouchEvent.m */,
				A4E835E415581E68008E62D0 /* SPTouchProcessor.h */,
				A4E835E515581E68008E62D0 /* SPTouchProcessor.m */,
				A4E835E615581E68008E62D0 /* SPTransitions.h */,
				A4E835E715581E68008E62D0 /* SPTransitions.m */,
				A4E835E815581E68008E62D0 /* SPTween.h */,
				A4E835E915581E68008E62D0 /* SPTween.m */,
				A4E835EA15581E68008E62D0 /* SPTweenedProperty.h */,
				A4E835EB15581E68008E62D0 /* SPTweenedProperty.m */,
				A4E835EC15581E68008E62D0 /* SPUtils.h */,
				A4E835ED15581E68008E62D0 /* SPUtils.m */,
				A4E835EE15581E68008E62D0 /* SPView.h */,
				A4E835EF15581E68008E62D0 /* SPView.m */,
			);
			name = Sparrow13;
			sourceTree = "<group>";
		};
		DE4A3DAB10FFB0DB00FDA492 /* Products */ = {
			isa = PBXGroup;
			children = (
				DE4A3DB010FFB0DB00FDA492 /* libSparrow.a */,
				DE4A3DB210FFB0DB00FDA492 /* UnitTest.octest */,
			);
			name = Products;
			sourceTree = "<group>";
		};
		DE4F80D714E153EA00655D44 /* Game */ = {
			isa = PBXGroup;
			children = (
				DE88294F14ECF11F00773036 /* GameController.h */,
				DE88295014ECF11F00773036 /* GameController.m */,
				DE4A3DE310FFB2AF00FDA492 /* Game.h */,
				DE4A3DE410FFB2AF00FDA492 /* Game.m */,
				DE4F80D414E153E600655D44 /* Media.h */,
				DE4F80D514E153E600655D44 /* Media.m */,
			);
			name = Game;
			sourceTree = "<group>";
		};
		DECF454314F2E45A006A4287 /* Support */ = {
			isa = PBXGroup;
			children = (
				DECF454614F2E527006A4287 /* SPOverlayView.h */,
				DECF454714F2E527006A4287 /* SPOverlayView.m */,
				DE1FBDFB14F831A300E86642 /* SPResizeEvent.h */,
				DE1FBDFC14F831A300E86642 /* SPResizeEvent.m */,
			);
			name = Support;
			sourceTree = "<group>";
		};
/* End PBXGroup section */

/* Begin PBXNativeTarget section */
		1D6058900D05DD3D006BFB54 /* AppScaffold */ = {
			isa = PBXNativeTarget;
			buildConfigurationList = 1D6058960D05DD3E006BFB54 /* Build configuration list for PBXNativeTarget "AppScaffold" */;
			buildPhases = (
				1D60588D0D05DD3D006BFB54 /* Resources */,
				1D60588E0D05DD3D006BFB54 /* Sources */,
				1D60588F0D05DD3D006BFB54 /* Frameworks */,
			);
			buildRules = (
			);
			dependencies = (
				DE4A3DB810FFB0F500FDA492 /* PBXTargetDependency */,
			);
			name = AppScaffold;
			productName = AppScaffold;
			productReference = 1D6058910D05DD3D006BFB54 /* AppScaffold.app */;
			productType = "com.apple.product-type.application";
		};
/* End PBXNativeTarget section */

/* Begin PBXProject section */
		29B97313FDCFA39411CA2CEA /* Project object */ = {
			isa = PBXProject;
			attributes = {
				LastUpgradeCheck = 0430;
			};
			buildConfigurationList = C01FCF4E08A954540054247B /* Build configuration list for PBXProject "AppScaffold" */;
			compatibilityVersion = "Xcode 3.2";
			developmentRegion = English;
			hasScannedForEncodings = 1;
			knownRegions = (
				English,
				Japanese,
				French,
				German,
			);
			mainGroup = 29B97314FDCFA39411CA2CEA /* CustomTemplate */;
			projectDirPath = "";
			projectReferences = (
				{
					ProductGroup = DE4A3DAB10FFB0DB00FDA492 /* Products */;
					ProjectRef = DE4A3DA210FFB0D400FDA492 /* Sparrow.xcodeproj */;
				},
			);
			projectRoot = "";
			targets = (
				1D6058900D05DD3D006BFB54 /* AppScaffold */,
			);
		};
/* End PBXProject section */

/* Begin PBXReferenceProxy section */
		DE4A3DB010FFB0DB00FDA492 /* libSparrow.a */ = {
			isa = PBXReferenceProxy;
			fileType = archive.ar;
			path = libSparrow.a;
			remoteRef = DE4A3DAF10FFB0DB00FDA492 /* PBXContainerItemProxy */;
			sourceTree = BUILT_PRODUCTS_DIR;
		};
		DE4A3DB210FFB0DB00FDA492 /* UnitTest.octest */ = {
			isa = PBXReferenceProxy;
			fileType = wrapper.cfbundle;
			path = UnitTest.octest;
			remoteRef = DE4A3DB110FFB0DB00FDA492 /* PBXContainerItemProxy */;
			sourceTree = BUILT_PRODUCTS_DIR;
		};
/* End PBXReferenceProxy section */

/* Begin PBXResourcesBuildPhase section */
		1D60588D0D05DD3D006BFB54 /* Resources */ = {
			isa = PBXResourcesBuildPhase;
			buildActionMask = 2147483647;
			files = (
				A4E8358315581D6A008E62D0 /* sound.caf in Resources */,
				A4E8358415581D6A008E62D0 /* atlas.png in Resources */,
				A4E8358515581D6A008E62D0 /* atlas.xml in Resources */,
				A4E8358615581D6A008E62D0 /* background.jpg in Resources */,
				A4E8358715581D6A008E62D0 /* Default-Portrait~ipad.png in Resources */,
				A4E8358815581D6A008E62D0 /* Default.png in Resources */,
				A4E8358915581D6A008E62D0 /* Icon.png in Resources */,
				A4E8358A15581D6A008E62D0 /* Icon~ipad.png in Resources */,
				A4E8358B15581D6A008E62D0 /* atlas@2x.png in Resources */,
				A4E8358C15581D6A008E62D0 /* atlas@2x.xml in Resources */,
				A4E8358D15581D6A008E62D0 /* background@2x.jpg in Resources */,
				A4E8358E15581D6A008E62D0 /* background@2x~ipad.jpg in Resources */,
				A4E8358F15581D6A008E62D0 /* Default@2x.png in Resources */,
				A4E8359015581D6A008E62D0 /* Icon@2x.png in Resources */,
			);
			runOnlyForDeploymentPostprocessing = 0;
		};
/* End PBXResourcesBuildPhase section */

/* Begin PBXSourcesBuildPhase section */
		1D60588E0D05DD3D006BFB54 /* Sources */ = {
			isa = PBXSourcesBuildPhase;
			buildActionMask = 2147483647;
			files = (
				1D60589B0D05DD56006BFB54 /* main.m in Sources */,
				1D3623260D0F684500981E51 /* AppDelegate.m in Sources */,
				DE4A3DE510FFB2AF00FDA492 /* Game.m in Sources */,
				DE4F80C714E1481C00655D44 /* ViewController.m in Sources */,
				DE4F80D614E153E600655D44 /* Media.m in Sources */,
				DE88295114ECF12000773036 /* GameController.m in Sources */,
				DECF454814F2E527006A4287 /* SPOverlayView.m in Sources */,
				DE1FBDFD14F831A300E86642 /* SPResizeEvent.m in Sources */,
				A4E835F015581E68008E62D0 /* SPALSound.m in Sources */,
				A4E835F115581E68008E62D0 /* SPALSoundChannel.m in Sources */,
				A4E835F215581E68008E62D0 /* SPAudioEngine.m in Sources */,
				A4E835F315581E68008E62D0 /* SPAVSound.m in Sources */,
				A4E835F415581E68008E62D0 /* SPAVSoundChannel.m in Sources */,
				A4E835F515581E68008E62D0 /* SPBitmapChar.m in Sources */,
				A4E835F615581E68008E62D0 /* SPBitmapFont.m in Sources */,
				A4E835F715581E68008E62D0 /* SPButton.m in Sources */,
				A4E835F815581E68008E62D0 /* SPCompiledSprite.m in Sources */,
				A4E835F915581E68008E62D0 /* SPDelayedInvocation.m in Sources */,
				A4E835FA15581E68008E62D0 /* SPDisplayObject.m in Sources */,
				A4E835FB15581E68008E62D0 /* SPDisplayObjectContainer.m in Sources */,
				A4E835FC15581E68008E62D0 /* SPEnterFrameEvent.m in Sources */,
				A4E835FD15581E68008E62D0 /* SPEvent.m in Sources */,
				A4E835FE15581E68008E62D0 /* SPEventDispatcher.m in Sources */,
				A4E835FF15581E68008E62D0 /* SPGLTexture.m in Sources */,
				A4E8360015581E68008E62D0 /* SPImage.m in Sources */,
				A4E8360115581E68008E62D0 /* SPJuggler.m in Sources */,
				A4E8360215581E68008E62D0 /* SPMatrix.m in Sources */,
				A4E8360315581E68008E62D0 /* SPMovieClip.m in Sources */,
				A4E8360415581E68008E62D0 /* SPNSExtensions.m in Sources */,
				A4E8360515581E68008E62D0 /* SPPoint.m in Sources */,
				A4E8360615581E68008E62D0 /* SPPoolObject.m in Sources */,
				A4E8360715581E68008E62D0 /* SPQuad.m in Sources */,
				A4E8360815581E68008E62D0 /* SPRectangle.m in Sources */,
				A4E8360915581E68008E62D0 /* SPRendering.m in Sources */,
				A4E8360A15581E68008E62D0 /* SPRenderSupport.m in Sources */,
				A4E8360B15581E68008E62D0 /* SPRenderTexture.m in Sources */,
				A4E8360C15581E68008E62D0 /* SPSound.m in Sources */,
				A4E8360D15581E68008E62D0 /* SPSoundChannel.m in Sources */,
				A4E8360E15581E68008E62D0 /* SPSprite.m in Sources */,
				A4E8360F15581E68008E62D0 /* SPStage.m in Sources */,
				A4E8361015581E68008E62D0 /* SPSubTexture.m in Sources */,
				A4E8361115581E68008E62D0 /* SPTextField.m in Sources */,
				A4E8361215581E68008E62D0 /* SPTexture.m in Sources */,
				A4E8361315581E68008E62D0 /* SPTextureAtlas.m in Sources */,
				A4E8361415581E68008E62D0 /* SPTouch.m in Sources */,
				A4E8361515581E68008E62D0 /* SPTouchEvent.m in Sources */,
				A4E8361615581E68008E62D0 /* SPTouchProcessor.m in Sources */,
				A4E8361715581E68008E62D0 /* SPTransitions.m in Sources */,
				A4E8361815581E68008E62D0 /* SPTween.m in Sources */,
				A4E8361915581E68008E62D0 /* SPTweenedProperty.m in Sources */,
				A4E8361A15581E68008E62D0 /* SPUtils.m in Sources */,
				A4E8361B15581E68008E62D0 /* SPView.m in Sources */,
			);
			runOnlyForDeploymentPostprocessing = 0;
		};
/* End PBXSourcesBuildPhase section */

/* Begin PBXTargetDependency section */
		DE4A3DB810FFB0F500FDA492 /* PBXTargetDependency */ = {
			isa = PBXTargetDependency;
			name = Sparrow;
			targetProxy = DE4A3DB710FFB0F500FDA492 /* PBXContainerItemProxy */;
		};
/* End PBXTargetDependency section */

/* Begin XCBuildConfiguration section */
		1D6058940D05DD3E006BFB54 /* Debug */ = {
			isa = XCBuildConfiguration;
			buildSettings = {
				COPY_PHASE_STRIP = NO;
				GCC_DYNAMIC_NO_PIC = NO;
				GCC_OPTIMIZATION_LEVEL = 0;
				GCC_PRECOMPILE_PREFIX_HEADER = YES;
				GCC_PREFIX_HEADER = "App-Prefix.pch";
				GCC_VERSION = com.apple.compilers.llvm.clang.1_0;
				INFOPLIST_FILE = "App-Info.plist";
				PRODUCT_NAME = AppScaffold;
				TARGETED_DEVICE_FAMILY = "1,2";
			};
			name = Debug;
		};
		1D6058950D05DD3E006BFB54 /* Release */ = {
			isa = XCBuildConfiguration;
			buildSettings = {
				COPY_PHASE_STRIP = YES;
				GCC_PRECOMPILE_PREFIX_HEADER = YES;
				GCC_PREFIX_HEADER = "App-Prefix.pch";
				GCC_VERSION = com.apple.compilers.llvm.clang.1_0;
				INFOPLIST_FILE = "App-Info.plist";
				PRODUCT_NAME = AppScaffold;
				TARGETED_DEVICE_FAMILY = "1,2";
			};
			name = Release;
		};
		C01FCF4F08A954540054247B /* Debug */ = {
			isa = XCBuildConfiguration;
			buildSettings = {
				ARCHS = (
					armv6,
					armv7,
				);
				CODE_SIGN_IDENTITY = "iPhone Developer";
				"CODE_SIGN_IDENTITY[sdk=iphoneos*]" = "iPhone Developer";
				GCC_C_LANGUAGE_STANDARD = c99;
				GCC_THUMB_SUPPORT = NO;
				GCC_WARN_ABOUT_RETURN_TYPE = YES;
				GCC_WARN_UNUSED_VARIABLE = YES;
				OTHER_LDFLAGS = (
					"-ObjC",
					"-all_load",
				);
				PROVISIONING_PROFILE = "";
				SDKROOT = iphoneos;
				USER_HEADER_SEARCH_PATHS = "${SPARROW_SRC}/**";
			};
			name = Debug;
		};
		C01FCF5008A954540054247B /* Release */ = {
			isa = XCBuildConfiguration;
			buildSettings = {
				ARCHS = (
					armv6,
					armv7,
				);
				CODE_SIGN_IDENTITY = "iPhone Developer";
				"CODE_SIGN_IDENTITY[sdk=iphoneos*]" = "iPhone Developer";
				GCC_C_LANGUAGE_STANDARD = c99;
				GCC_THUMB_SUPPORT = NO;
				GCC_WARN_ABOUT_RETURN_TYPE = YES;
				GCC_WARN_UNUSED_VARIABLE = YES;
				OTHER_LDFLAGS = (
					"-ObjC",
					"-all_load",
				);
				PROVISIONING_PROFILE = "";
				SDKROOT = iphoneos;
				USER_HEADER_SEARCH_PATHS = "${SPARROW_SRC}/**";
			};
			name = Release;
		};
/* End XCBuildConfiguration section */

/* Begin XCConfigurationList section */
		1D6058960D05DD3E006BFB54 /* Build configuration list for PBXNativeTarget "AppScaffold" */ = {
			isa = XCConfigurationList;
			buildConfigurations = (
				1D6058940D05DD3E006BFB54 /* Debug */,
				1D6058950D05DD3E006BFB54 /* Release */,
			);
			defaultConfigurationIsVisible = 0;
			defaultConfigurationName = Release;
		};
		C01FCF4E08A954540054247B /* Build configuration list for PBXProject "AppScaffold" */ = {
			isa = XCConfigurationList;
			buildConfigurations = (
				C01FCF4F08A954540054247B /* Debug */,
				C01FCF5008A954540054247B /* Release */,
			);
			defaultConfigurationIsVisible = 0;
			defaultConfigurationName = Release;
		};
/* End XCConfigurationList section */
	};
	rootObject = 29B97313FDCFA39411CA2CEA /* Project object */;
}
